
Microsoft Visual Studio Solution File, Format Version 12.00
# Visual Studio Version 16
VisualStudioVersion = 16.0.31729.503
MinimumVisualStudioVersion = 10.0.40219.1
Project("{FAE04EC0-301F-11D3-BF4B-00C04F79EFBC}") = "praktika3", "praktika3\praktika3.csproj", "{D0B65270-900D-43A0-9195-A397BD94B38B}"
EndProject
Global
	GlobalSection(SolutionConfigurationPlatforms) = preSolution
		Debug|Any CPU = Debug|Any CPU
		Release|Any CPU = Release|Any CPU
	EndGlobalSection
	GlobalSection(ProjectConfigurationPlatforms) = postSolution
		{D0B65270-900D-43A0-9195-A397BD94B38B}.Debug|Any CPU.ActiveCfg = Debug|Any CPU
		{D0B65270-900D-43A0-9195-A397BD94B38B}.Debug|Any CPU.Build.0 = Debug|Any CPU
		{D0B65270-900D-43A0-9195-A397BD94B38B}.Release|Any CPU.ActiveCfg = Release|Any CPU
		{D0B65270-900D-43A0-9195-A397BD94B38B}.Release|Any CPU.Build.0 = Release|Any CPU
	EndGlobalSection
	GlobalSection(SolutionProperties) = preSolution
		HideSolutionNode = FALSE
	EndGlobalSection
	GlobalSection(ExtensibilityGlobals) = postSolution
		SolutionGuid = {7F9CF6A5-FF3F-44FB-BF9A-1ACE17AFCB75}
	EndGlobalSection
EndGlobal
